
Microsoft Visual Studio Solution File, Format Version 12.00
# Visual Studio Version 16
VisualStudioVersion = 16.0.31005.135
MinimumVisualStudioVersion = 10.0.40219.1
Project("{FAE04EC0-301F-11D3-BF4B-00C04F79EFBC}") = "ShapeWithVisistorPattern", "ShapeWithVisistorPattern\ShapeWithVisistorPattern.csproj", "{D32E49BE-ADF6-4FB8-8003-DAB92796E4F4}"
EndProject
Global
	GlobalSection(SolutionConfigurationPlatforms) = preSolution
		Debug|Any CPU = Debug|Any CPU
		Release|Any CPU = Release|Any CPU
	EndGlobalSection
	GlobalSection(ProjectConfigurationPlatforms) = postSolution
		{D32E49BE-ADF6-4FB8-8003-DAB92796E4F4}.Debug|Any CPU.ActiveCfg = Debug|Any CPU
		{D32E49BE-ADF6-4FB8-8003-DAB92796E4F4}.Debug|Any CPU.Build.0 = Debug|Any CPU
		{D32E49BE-ADF6-4FB8-8003-DAB92796E4F4}.Release|Any CPU.ActiveCfg = Release|Any CPU
		{D32E49BE-ADF6-4FB8-8003-DAB92796E4F4}.Release|Any CPU.Build.0 = Release|Any CPU
	EndGlobalSection
	GlobalSection(SolutionProperties) = preSolution
		HideSolutionNode = FALSE
	EndGlobalSection
	GlobalSection(ExtensibilityGlobals) = postSolution
		SolutionGuid = {4CAA92F1-39FE-4E2C-8AAE-302B35D2F0A8}
	EndGlobalSection
EndGlobal
